{
  "name": "fantasy-vue",
  "version": "0.1.0",
  "lockfileVersion": 1,
  "requires": true,
  "dependencies": {
    "daggy": {
      "version": "0.0.1",
      "resolved": "https://registry.npmjs.org/daggy/-/daggy-0.0.1.tgz",
      "integrity": "sha1-rpyTLJ9xNuZVoEr7Iei6rf0NNwc="
    },
    "fantasy-combinators": {
      "version": "0.0.1",
      "resolved": "https://registry.npmjs.org/fantasy-combinators/-/fantasy-combinators-0.0.1.tgz",
      "integrity": "sha1-0YOIrtlL55CsQGkDH16gGDReM6E="
    },
    "fantasy-land": {
      "version": "3.5.0",
      "resolved": "https://registry.npmjs.org/fantasy-land/-/fantasy-land-3.5.0.tgz",
      "integrity": "sha512-ou7BCdUNzcyXfwI10mDBeYUCH/UbE7xjeeRizMLnjZkDJbw/Hvg1iNEl7NhNfcGxZO+cCyX3/ma3vamhwecqhw==",
      "requires": {
        "daggy": "0.0.x",
        "fantasy-combinators": "0.0.x"
      }
    }
  }
}
